
Microsoft Visual Studio Solution File, Format Version 12.00
# Visual Studio Version 17
VisualStudioVersion = 17.5.33530.505
MinimumVisualStudioVersion = 10.0.40219.1
Project("{9A19103F-16F7-4668-BE54-9A1E7A4F7556}") = "E_G_Lab06", "E_G_Lab06.csproj", "{A8F4D464-09B1-44D5-BD82-F5629AB6E7B1}"
EndProject
Global
	GlobalSection(SolutionConfigurationPlatforms) = preSolution
		Debug|Any CPU = Debug|Any CPU
		Release|Any CPU = Release|Any CPU
	EndGlobalSection
	GlobalSection(ProjectConfigurationPlatforms) = postSolution
		{A8F4D464-09B1-44D5-BD82-F5629AB6E7B1}.Debug|Any CPU.ActiveCfg = Debug|Any CPU
		{A8F4D464-09B1-44D5-BD82-F5629AB6E7B1}.Debug|Any CPU.Build.0 = Debug|Any CPU
		{A8F4D464-09B1-44D5-BD82-F5629AB6E7B1}.Release|Any CPU.ActiveCfg = Release|Any CPU
		{A8F4D464-09B1-44D5-BD82-F5629AB6E7B1}.Release|Any CPU.Build.0 = Release|Any CPU
	EndGlobalSection
	GlobalSection(SolutionProperties) = preSolution
		HideSolutionNode = FALSE
	EndGlobalSection
	GlobalSection(ExtensibilityGlobals) = postSolution
		SolutionGuid = {2FBC30D4-DC93-4B74-90ED-5A15519F12E0}
	EndGlobalSection
EndGlobal
